// !$*UTF8*$!
{
	archiveVersion = 1;
	classes = {
	};
	objectVersion = 50;
	objects = {

/* Begin PBXBuildFile section */
		F6D08A0F22B5591600F1606F /* AppDelegate.swift in Sources */ = {isa = PBXBuildFile; fileRef = F6D08A0E22B5591600F1606F /* AppDelegate.swift */; };
		F6D08A1122B5591600F1606F /* ViewController.swift in Sources */ = {isa = PBXBuildFile; fileRef = F6D08A1022B5591600F1606F /* ViewController.swift */; };
		F6D08A1422B5591600F1606F /* Main.storyboard in Resources */ = {isa = PBXBuildFile; fileRef = F6D08A1222B5591600F1606F /* Main.storyboard */; };
		F6D08A1722B5591600F1606F /* SourceControl2.xcdatamodeld in Sources */ = {isa = PBXBuildFile; fileRef = F6D08A1522B5591600F1606F /* SourceControl2.xcdatamodeld */; };
		F6D08A1922B5591700F1606F /* Assets.xcassets in Resources */ = {isa = PBXBuildFile; fileRef = F6D08A1822B5591700F1606F /* Assets.xcassets */; };
		F6D08A1C22B5591700F1606F /* LaunchScreen.storyboard in Resources */ = {isa = PBXBuildFile; fileRef = F6D08A1A22B5591700F1606F /* LaunchScreen.storyboard */; };
		F6D08A2722B5591700F1606F /* SourceControl2Tests.swift in Sources */ = {isa = PBXBuildFile; fileRef = F6D08A2622B5591700F1606F /* SourceControl2Tests.swift */; };
		F6D08A3222B5591700F1606F /* SourceControl2UITests.swift in Sources */ = {isa = PBXBuildFile; fileRef = F6D08A3122B5591700F1606F /* SourceControl2UITests.swift */; };
/* End PBXBuildFile section */

/* Begin PBXContainerItemProxy section */
		F6D08A2322B5591700F1606F /* PBXContainerItemProxy */ = {
			isa = PBXContainerItemProxy;
			containerPortal = F6D08A0322B5591600F1606F /* Project object */;
			proxyType = 1;
			remoteGlobalIDString = F6D08A0A22B5591600F1606F;
			remoteInfo = SourceControl2;
		};
		F6D08A2E22B5591700F1606F /* PBXContainerItemProxy */ = {
			isa = PBXContainerItemProxy;
			containerPortal = F6D08A0322B5591600F1606F /* Project object */;
			proxyType = 1;
			remoteGlobalIDString = F6D08A0A22B5591600F1606F;
			remoteInfo = SourceControl2;
		};
/* End PBXContainerItemProxy section */

/* Begin PBXFileReference section */
		F6D08A0B22B5591600F1606F /* SourceControl2.app */ = {isa = PBXFileReference; explicitFileType = wrapper.application; includeInIndex = 0; path = SourceControl2.app; sourceTree = BUILT_PRODUCTS_DIR; };
		F6D08A0E22B5591600F1606F /* AppDelegate.swift */ = {isa = PBXFileReference; lastKnownFileType = sourcecode.swift; path = AppDelegate.swift; sourceTree = "<group>"; };
		F6D08A1022B5591600F1606F /* ViewController.swift */ = {isa = PBXFileReference; lastKnownFileType = sourcecode.swift; path = ViewController.swift; sourceTree = "<group>"; };
		F6D08A1322B5591600F1606F /* Base */ = {isa = PBXFileReference; lastKnownFileType = file.storyboard; name = Base; path = Base.lproj/Main.storyboard; sourceTree = "<group>"; };
		F6D08A1622B5591600F1606F /* SourceControl2.xcdatamodel */ = {isa = PBXFileReference; lastKnownFileType = wrapper.xcdatamodel; path = SourceControl2.xcdatamodel; sourceTree = "<group>"; };
		F6D08A1822B5591700F1606F /* Assets.xcassets */ = {isa = PBXFileReference; lastKnownFileType = folder.assetcatalog; path = Assets.xcassets; sourceTree = "<group>"; };
		F6D08A1B22B5591700F1606F /* Base */ = {isa = PBXFileReference; lastKnownFileType = file.storyboard; name = Base; path = Base.lproj/LaunchScreen.storyboard; sourceTree = "<group>"; };
		F6D08A1D22B5591700F1606F /* Info.plist */ = {isa = PBXFileReference; lastKnownFileType = text.plist.xml; path = Info.plist; sourceTree = "<group>"; };
		F6D08A2222B5591700F1606F /* SourceControl2Tests.xctest */ = {isa = PBXFileReference; explicitFileType = wrapper.cfbundle; includeInIndex = 0; path = SourceControl2Tests.xctest; sourceTree = BUILT_PRODUCTS_DIR; };
		F6D08A2622B5591700F1606F /* SourceControl2Tests.swift */ = {isa = PBXFileReference; lastKnownFileType = sourcecode.swift; path = SourceControl2Tests.swift; sourceTree = "<group>"; };
		F6D08A2822B5591700F1606F /* Info.plist */ = {isa = PBXFileReference; lastKnownFileType = text.plist.xml; path = Info.plist; sourceTree = "<group>"; };
		F6D08A2D22B5591700F1606F /* SourceControl2UITests.xctest */ = {isa = PBXFileReference; explicitFileType = wrapper.cfbundle; includeInIndex = 0; path = SourceControl2UITests.xctest; sourceTree = BUILT_PRODUCTS_DIR; };
		F6D08A3122B5591700F1606F /* SourceControl2UITests.swift */ = {isa = PBXFileReference; lastKnownFileType = sourcecode.swift; path = SourceControl2UITests.swift; sourceTree = "<group>"; };
		F6D08A3322B5591700F1606F /* Info.plist */ = {isa = PBXFileReference; lastKnownFileType = text.plist.xml; path = Info.plist; sourceTree = "<group>"; };
/* End PBXFileReference section */

/* Begin PBXFrameworksBuildPhase section */
		F6D08A0822B5591600F1606F /* Frameworks */ = {
			isa = PBXFrameworksBuildPhase;
			buildActionMask = 2147483647;
			files = (
			);
			runOnlyForDeploymentPostprocessing = 0;
		};
		F6D08A1F22B5591700F1606F /* Frameworks */ = {
			isa = PBXFrameworksBuildPhase;
			buildActionMask = 2147483647;
			files = (
			);
			runOnlyForDeploymentPostprocessing = 0;
		};
		F6D08A2A22B5591700F1606F /* Frameworks */ = {
			isa = PBXFrameworksBuildPhase;
			buildActionMask = 2147483647;
			files = (
			);
			runOnlyForDeploymentPostprocessing = 0;
		};
/* End PBXFrameworksBuildPhase section */

/* Begin PBXGroup section */
		F6D08A0222B5591600F1606F = {
			isa = PBXGroup;
			children = (
				F6D08A0D22B5591600F1606F /* SourceControl2 */,
				F6D08A2522B5591700F1606F /* SourceControl2Tests */,
				F6D08A3022B5591700F1606F /* SourceControl2UITests */,
				F6D08A0C22B5591600F1606F /* Products */,
			);
			sourceTree = "<group>";
		};
		F6D08A0C22B5591600F1606F /* Products */ = {
			isa = PBXGroup;
			children = (
				F6D08A0B22B5591600F1606F /* SourceControl2.app */,
				F6D08A2222B5591700F1606F /* SourceControl2Tests.xctest */,
				F6D08A2D22B5591700F1606F /* SourceControl2UITests.xctest */,
			);
			name = Products;
			sourceTree = "<group>";
		};
		F6D08A0D22B5591600F1606F /* SourceControl2 */ = {
			isa = PBXGroup;
			children = (
				F6D08A0E22B5591600F1606F /* AppDelegate.swift */,
				F6D08A1022B5591600F1606F /* ViewController.swift */,
				F6D08A1222B5591600F1606F /* Main.storyboard */,
				F6D08A1822B5591700F1606F /* Assets.xcassets */,
				F6D08A1A22B5591700F1606F /* LaunchScreen.storyboard */,
				F6D08A1D22B5591700F1606F /* Info.plist */,
				F6D08A1522B5591600F1606F /* SourceControl2.xcdatamodeld */,
			);
			path = SourceControl2;
			sourceTree = "<group>";
		};
		F6D08A2522B5591700F1606F /* SourceControl2Tests */ = {
			isa = PBXGroup;
			children = (
				F6D08A2622B5591700F1606F /* SourceControl2Tests.swift */,
				F6D08A2822B5591700F1606F /* Info.plist */,
			);
			path = SourceControl2Tests;
			sourceTree = "<group>";
		};
		F6D08A3022B5591700F1606F /* SourceControl2UITests */ = {
			isa = PBXGroup;
			children = (
				F6D08A3122B5591700F1606F /* SourceControl2UITests.swift */,
				F6D08A3322B5591700F1606F /* Info.plist */,
			);
			path = SourceControl2UITests;
			sourceTree = "<group>";
		};
/* End PBXGroup section */

/* Begin PBXNativeTarget section */
		F6D08A0A22B5591600F1606F /* SourceControl2 */ = {
			isa = PBXNativeTarget;
			buildConfigurationList = F6D08A3622B5591700F1606F /* Build configuration list for PBXNativeTarget "SourceControl2" */;
			buildPhases = (
				F6D08A0722B5591600F1606F /* Sources */,
				F6D08A0822B5591600F1606F /* Frameworks */,
				F6D08A0922B5591600F1606F /* Resources */,
			);
			buildRules = (
			);
			dependencies = (
			);
			name = SourceControl2;
			productName = SourceControl2;
			productReference = F6D08A0B22B5591600F1606F /* SourceControl2.app */;
			productType = "com.apple.product-type.application";
		};
		F6D08A2122B5591700F1606F /* SourceControl2Tests */ = {
			isa = PBXNativeTarget;
			buildConfigurationList = F6D08A3922B5591700F1606F /* Build configuration list for PBXNativeTarget "SourceControl2Tests" */;
			buildPhases = (
				F6D08A1E22B5591700F1606F /* Sources */,
				F6D08A1F22B5591700F1606F /* Frameworks */,
				F6D08A2022B5591700F1606F /* Resources */,
			);
			buildRules = (
			);
			dependencies = (
				F6D08A2422B5591700F1606F /* PBXTargetDependency */,
			);
			name = SourceControl2Tests;
			productName = SourceControl2Tests;
			productReference = F6D08A2222B5591700F1606F /* SourceControl2Tests.xctest */;
			productType = "com.apple.product-type.bundle.unit-test";
		};
		F6D08A2C22B5591700F1606F /* SourceControl2UITests */ = {
			isa = PBXNativeTarget;
			buildConfigurationList = F6D08A3C22B5591700F1606F /* Build configuration list for PBXNativeTarget "SourceControl2UITests" */;
			buildPhases = (
				F6D08A2922B5591700F1606F /* Sources */,
				F6D08A2A22B5591700F1606F /* Frameworks */,
				F6D08A2B22B5591700F1606F /* Resources */,
			);
			buildRules = (
			);
			dependencies = (
				F6D08A2F22B5591700F1606F /* PBXTargetDependency */,
			);
			name = SourceControl2UITests;
			productName = SourceControl2UITests;
			productReference = F6D08A2D22B5591700F1606F /* SourceControl2UITests.xctest */;
			productType = "com.apple.product-type.bundle.ui-testing";
		};
/* End PBXNativeTarget section */

/* Begin PBXProject section */
		F6D08A0322B5591600F1606F /* Project object */ = {
			isa = PBXProject;
			attributes = {
				LastSwiftUpdateCheck = 1020;
				LastUpgradeCheck = 1020;
				ORGANIZATIONNAME = AlbertLLC;
				TargetAttributes = {
					F6D08A0A22B5591600F1606F = {
						CreatedOnToolsVersion = 10.2;
					};
					F6D08A2122B5591700F1606F = {
						CreatedOnToolsVersion = 10.2;
						TestTargetID = F6D08A0A22B5591600F1606F;
					};
					F6D08A2C22B5591700F1606F = {
						CreatedOnToolsVersion = 10.2;
						TestTargetID = F6D08A0A22B5591600F1606F;
					};
				};
			};
			buildConfigurationList = F6D08A0622B5591600F1606F /* Build configuration list for PBXProject "SourceControl2" */;
			compatibilityVersion = "Xcode 9.3";
			developmentRegion = en;
			hasScannedForEncodings = 0;
			knownRegions = (
				en,
				Base,
			);
			mainGroup = F6D08A0222B5591600F1606F;
			productRefGroup = F6D08A0C22B5591600F1606F /* Products */;
			projectDirPath = "";
			projectRoot = "";
			targets = (
				F6D08A0A22B5591600F1606F /* SourceControl2 */,
				F6D08A2122B5591700F1606F /* SourceControl2Tests */,
				F6D08A2C22B5591700F1606F /* SourceControl2UITests */,
			);
		};
/* End PBXProject section */

/* Begin PBXResourcesBuildPhase section */
		F6D08A0922B5591600F1606F /* Resources */ = {
			isa = PBXResourcesBuildPhase;
			buildActionMask = 2147483647;
			files = (
				F6D08A1C22B5591700F1606F /* LaunchScreen.storyboard in Resources */,
				F6D08A1922B5591700F1606F /* Assets.xcassets in Resources */,
				F6D08A1422B5591600F1606F /* Main.storyboard in Resources */,
			);
			runOnlyForDeploymentPostprocessing = 0;
		};
		F6D08A2022B5591700F1606F /* Resources */ = {
			isa = PBXResourcesBuildPhase;
			buildActionMask = 2147483647;
			files = (
			);
			runOnlyForDeploymentPostprocessing = 0;
		};
		F6D08A2B22B5591700F1606F /* Resources */ = {
			isa = PBXResourcesBuildPhase;
			buildActionMask = 2147483647;
			files = (
			);
			runOnlyForDeploymentPostprocessing = 0;
		};
/* End PBXResourcesBuildPhase section */

/* Begin PBXSourcesBuildPhase section */
		F6D08A0722B5591600F1606F /* Sources */ = {
			isa = PBXSourcesBuildPhase;
			buildActionMask = 2147483647;
			files = (
				F6D08A1122B5591600F1606F /* ViewController.swift in Sources */,
				F6D08A0F22B5591600F1606F /* AppDelegate.swift in Sources */,
				F6D08A1722B5591600F1606F /* SourceControl2.xcdatamodeld in Sources */,
			);
			runOnlyForDeploymentPostprocessing = 0;
		};
		F6D08A1E22B5591700F1606F /* Sources */ = {
			isa = PBXSourcesBuildPhase;
			buildActionMask = 2147483647;
			files = (
				F6D08A2722B5591700F1606F /* SourceControl2Tests.swift in Sources */,
			);
			runOnlyForDeploymentPostprocessing = 0;
		};
		F6D08A2922B5591700F1606F /* Sources */ = {
			isa = PBXSourcesBuildPhase;
			buildActionMask = 2147483647;
			files = (
				F6D08A3222B5591700F1606F /* SourceControl2UITests.swift in Sources */,
			);
			runOnlyForDeploymentPostprocessing = 0;
		};
/* End PBXSourcesBuildPhase section */

/* Begin PBXTargetDependency section */
		F6D08A2422B5591700F1606F /* PBXTargetDependency */ = {
			isa = PBXTargetDependency;
			target = F6D08A0A22B5591600F1606F /* SourceControl2 */;
			targetProxy = F6D08A2322B5591700F1606F /* PBXContainerItemProxy */;
		};
		F6D08A2F22B5591700F1606F /* PBXTargetDependency */ = {
			isa = PBXTargetDependency;
			target = F6D08A0A22B5591600F1606F /* SourceControl2 */;
			targetProxy = F6D08A2E22B5591700F1606F /* PBXContainerItemProxy */;
		};
/* End PBXTargetDependency section */

/* Begin PBXVariantGroup section */
		F6D08A1222B5591600F1606F /* Main.storyboard */ = {
			isa = PBXVariantGroup;
			children = (
				F6D08A1322B5591600F1606F /* Base */,
			);
			name = Main.storyboard;
			sourceTree = "<group>";
		};
		F6D08A1A22B5591700F1606F /* LaunchScreen.storyboard */ = {
			isa = PBXVariantGroup;
			children = (
				F6D08A1B22B5591700F1606F /* Base */,
			);
			name = LaunchScreen.storyboard;
			sourceTree = "<group>";
		};
/* End PBXVariantGroup section */

/* Begin XCBuildConfiguration section */
		F6D08A3422B5591700F1606F /* Debug */ = {
			isa = XCBuildConfiguration;
			buildSettings = {
				ALWAYS_SEARCH_USER_PATHS = NO;
				CLANG_ANALYZER_NONNULL = YES;
				CLANG_ANALYZER_NUMBER_OBJECT_CONVERSION = YES_AGGRESSIVE;
				CLANG_CXX_LANGUAGE_STANDARD = "gnu++14";
				CLANG_CXX_LIBRARY = "libc++";
				CLANG_ENABLE_MODULES = YES;
				CLANG_ENABLE_OBJC_ARC = YES;
				CLANG_ENABLE_OBJC_WEAK = YES;
				CLANG_WARN_BLOCK_CAPTURE_AUTORELEASING = YES;
				CLANG_WARN_BOOL_CONVERSION = YES;
				CLANG_WARN_COMMA = YES;
				CLANG_WARN_CONSTANT_CONVERSION = YES;
				CLANG_WARN_DEPRECATED_OBJC_IMPLEMENTATIONS = YES;
				CLANG_WARN_DIRECT_OBJC_ISA_USAGE = YES_ERROR;
				CLANG_WARN_DOCUMENTATION_COMMENTS = YES;
				CLANG_WARN_EMPTY_BODY = YES;
				CLANG_WARN_ENUM_CONVERSION = YES;
				CLANG_WARN_INFINITE_RECURSION = YES;
				CLANG_WARN_INT_CONVERSION = YES;
				CLANG_WARN_NON_LITERAL_NULL_CONVERSION = YES;
				CLANG_WARN_OBJC_IMPLICIT_RETAIN_SELF = YES;
				CLANG_WARN_OBJC_LITERAL_CONVERSION = YES;
				CLANG_WARN_OBJC_ROOT_CLASS = YES_ERROR;
				CLANG_WARN_RANGE_LOOP_ANALYSIS = YES;
				CLANG_WARN_STRICT_PROTOTYPES = YES;
				CLANG_WARN_SUSPICIOUS_MOVE = YES;
				CLANG_WARN_UNGUARDED_AVAILABILITY = YES_AGGRESSIVE;
				CLANG_WARN_UNREACHABLE_CODE = YES;
				CLANG_WARN__DUPLICATE_METHOD_MATCH = YES;
				CODE_SIGN_IDENTITY = "iPhone Developer";
				COPY_PHASE_STRIP = NO;
				DEBUG_INFORMATION_FORMAT = dwarf;
				ENABLE_STRICT_OBJC_MSGSEND = YES;
				ENABLE_TESTABILITY = YES;
				GCC_C_LANGUAGE_STANDARD = gnu11;
				GCC_DYNAMIC_NO_PIC = NO;
				GCC_NO_COMMON_BLOCKS = YES;
				GCC_OPTIMIZATION_LEVEL = 0;
				GCC_PREPROCESSOR_DEFINITIONS = (
					"DEBUG=1",
					"$(inherited)",
				);
				GCC_WARN_64_TO_32_BIT_CONVERSION = YES;
				GCC_WARN_ABOUT_RETURN_TYPE = YES_ERROR;
				GCC_WARN_UNDECLARED_SELECTOR = YES;
				GCC_WARN_UNINITIALIZED_AUTOS = YES_AGGRESSIVE;
				GCC_WARN_UNUSED_FUNCTION = YES;
				GCC_WARN_UNUSED_VARIABLE = YES;
				IPHONEOS_DEPLOYMENT_TARGET = 12.2;
				MTL_ENABLE_DEBUG_INFO = INCLUDE_SOURCE;
				MTL_FAST_MATH = YES;
				ONLY_ACTIVE_ARCH = YES;
				SDKROOT = iphoneos;
				SWIFT_ACTIVE_COMPILATION_CONDITIONS = DEBUG;
				SWIFT_OPTIMIZATION_LEVEL = "-Onone";
			};
			name = Debug;
		};
		F6D08A3522B5591700F1606F /* Release */ = {
			isa = XCBuildConfiguration;
			buildSettings = {
				ALWAYS_SEARCH_USER_PATHS = NO;
				CLANG_ANALYZER_NONNULL = YES;
				CLANG_ANALYZER_NUMBER_OBJECT_CONVERSION = YES_AGGRESSIVE;
				CLANG_CXX_LANGUAGE_STANDARD = "gnu++14";
				CLANG_CXX_LIBRARY = "libc++";
				CLANG_ENABLE_MODULES = YES;
				CLANG_ENABLE_OBJC_ARC = YES;
				CLANG_ENABLE_OBJC_WEAK = YES;
				CLANG_WARN_BLOCK_CAPTURE_AUTORELEASING = YES;
				CLANG_WARN_BOOL_CONVERSION = YES;
				CLANG_WARN_COMMA = YES;
				CLANG_WARN_CONSTANT_CONVERSION = YES;
				CLANG_WARN_DEPRECATED_OBJC_IMPLEMENTATIONS = YES;
				CLANG_WARN_DIRECT_OBJC_ISA_USAGE = YES_ERROR;
				CLANG_WARN_DOCUMENTATION_COMMENTS = YES;
				CLANG_WARN_EMPTY_BODY = YES;
				CLANG_WARN_ENUM_CONVERSION = YES;
				CLANG_WARN_INFINITE_RECURSION = YES;
				CLANG_WARN_INT_CONVERSION = YES;
				CLANG_WARN_NON_LITERAL_NULL_CONVERSION = YES;
				CLANG_WARN_OBJC_IMPLICIT_RETAIN_SELF = YES;
				CLANG_WARN_OBJC_LITERAL_CONVERSION = YES;
				CLANG_WARN_OBJC_ROOT_CLASS = YES_ERROR;
				CLANG_WARN_RANGE_LOOP_ANALYSIS = YES;
				CLANG_WARN_STRICT_PROTOTYPES = YES;
				CLANG_WARN_SUSPICIOUS_MOVE = YES;
				CLANG_WARN_UNGUARDED_AVAILABILITY = YES_AGGRESSIVE;
				CLANG_WARN_UNREACHABLE_CODE = YES;
				CLANG_WARN__DUPLICATE_METHOD_MATCH = YES;
				CODE_SIGN_IDENTITY = "iPhone Developer";
				COPY_PHASE_STRIP = NO;
				DEBUG_INFORMATION_FORMAT = "dwarf-with-dsym";
				ENABLE_NS_ASSERTIONS = NO;
				ENABLE_STRICT_OBJC_MSGSEND = YES;
				GCC_C_LANGUAGE_STANDARD = gnu11;
				GCC_NO_COMMON_BLOCKS = YES;
				GCC_WARN_64_TO_32_BIT_CONVERSION = YES;
				GCC_WARN_ABOUT_RETURN_TYPE = YES_ERROR;
				GCC_WARN_UNDECLARED_SELECTOR = YES;
				GCC_WARN_UNINITIALIZED_AUTOS = YES_AGGRESSIVE;
				GCC_WARN_UNUSED_FUNCTION = YES;
				GCC_WARN_UNUSED_VARIABLE = YES;
				IPHONEOS_DEPLOYMENT_TARGET = 12.2;
				MTL_ENABLE_DEBUG_INFO = NO;
				MTL_FAST_MATH = YES;
				SDKROOT = iphoneos;
				SWIFT_COMPILATION_MODE = wholemodule;
				SWIFT_OPTIMIZATION_LEVEL = "-O";
				VALIDATE_PRODUCT = YES;
			};
			name = Release;
		};
		F6D08A3722B5591700F1606F /* Debug */ = {
			isa = XCBuildConfiguration;
			buildSettings = {
				ASSETCATALOG_COMPILER_APPICON_NAME = AppIcon;
				CODE_SIGN_STYLE = Automatic;
				INFOPLIST_FILE = SourceControl2/Info.plist;
				LD_RUNPATH_SEARCH_PATHS = (
					"$(inherited)",
					"@executable_path/Frameworks",
				);
				PRODUCT_BUNDLE_IDENTIFIER = AlbertLLC.SourceControl2;
				PRODUCT_NAME = "$(TARGET_NAME)";
				SWIFT_VERSION = 5.0;
				TARGETED_DEVICE_FAMILY = "1,2";
			};
			name = Debug;
		};
		F6D08A3822B5591700F1606F /* Release */ = {
			isa = XCBuildConfiguration;
			buildSettings = {
				ASSETCATALOG_COMPILER_APPICON_NAME = AppIcon;
				CODE_SIGN_STYLE = Automatic;
				INFOPLIST_FILE = SourceControl2/Info.plist;
				LD_RUNPATH_SEARCH_PATHS = (
					"$(inherited)",
					"@executable_path/Frameworks",
				);
				PRODUCT_BUNDLE_IDENTIFIER = AlbertLLC.SourceControl2;
				PRODUCT_NAME = "$(TARGET_NAME)";
				SWIFT_VERSION = 5.0;
				TARGETED_DEVICE_FAMILY = "1,2";
			};
			name = Release;
		};
		F6D08A3A22B5591700F1606F /* Debug */ = {
			isa = XCBuildConfiguration;
			buildSettings = {
				ALWAYS_EMBED_SWIFT_STANDARD_LIBRARIES = YES;
				BUNDLE_LOADER = "$(TEST_HOST)";
				CODE_SIGN_STYLE = Automatic;
				INFOPLIST_FILE = SourceControl2Tests/Info.plist;
				LD_RUNPATH_SEARCH_PATHS = (
					"$(inherited)",
					"@executable_path/Frameworks",
					"@loader_path/Frameworks",
				);
				PRODUCT_BUNDLE_IDENTIFIER = AlbertLLC.SourceControl2Tests;
				PRODUCT_NAME = "$(TARGET_NAME)";
				SWIFT_VERSION = 5.0;
				TARGETED_DEVICE_FAMILY = "1,2";
				TEST_HOST = "$(BUILT_PRODUCTS_DIR)/SourceControl2.app/SourceControl2";
			};
			name = Debug;
		};
		F6D08A3B22B5591700F1606F /* Release */ = {
			isa = XCBuildConfiguration;
			buildSettings = {
				ALWAYS_EMBED_SWIFT_STANDARD_LIBRARIES = YES;
				BUNDLE_LOADER = "$(TEST_HOST)";
				CODE_SIGN_STYLE = Automatic;
				INFOPLIST_FILE = SourceControl2Tests/Info.plist;
				LD_RUNPATH_SEARCH_PATHS = (
					"$(inherited)",
					"@executable_path/Frameworks",
					"@loader_path/Frameworks",
				);
				PRODUCT_BUNDLE_IDENTIFIER = AlbertLLC.SourceControl2Tests;
				PRODUCT_NAME = "$(TARGET_NAME)";
				SWIFT_VERSION = 5.0;
				TARGETED_DEVICE_FAMILY = "1,2";
				TEST_HOST = "$(BUILT_PRODUCTS_DIR)/SourceControl2.app/SourceControl2";
			};
			name = Release;
		};
		F6D08A3D22B5591700F1606F /* Debug */ = {
			isa = XCBuildConfiguration;
			buildSettings = {
				ALWAYS_EMBED_SWIFT_STANDARD_LIBRARIES = YES;
				CODE_SIGN_STYLE = Automatic;
				INFOPLIST_FILE = SourceControl2UITests/Info.plist;
				LD_RUNPATH_SEARCH_PATHS = (
					"$(inherited)",
					"@executable_path/Frameworks",
					"@loader_path/Frameworks",
				);
				PRODUCT_BUNDLE_IDENTIFIER = AlbertLLC.SourceControl2UITests;
				PRODUCT_NAME = "$(TARGET_NAME)";
				SWIFT_VERSION = 5.0;
				TARGETED_DEVICE_FAMILY = "1,2";
				TEST_TARGET_NAME = SourceControl2;
			};
			name = Debug;
		};
		F6D08A3E22B5591700F1606F /* Release */ = {
			isa = XCBuildConfiguration;
			buildSettings = {
				ALWAYS_EMBED_SWIFT_STANDARD_LIBRARIES = YES;
				CODE_SIGN_STYLE = Automatic;
				INFOPLIST_FILE = SourceControl2UITests/Info.plist;
				LD_RUNPATH_SEARCH_PATHS = (
					"$(inherited)",
					"@executable_path/Frameworks",
					"@loader_path/Frameworks",
				);
				PRODUCT_BUNDLE_IDENTIFIER = AlbertLLC.SourceControl2UITests;
				PRODUCT_NAME = "$(TARGET_NAME)";
				SWIFT_VERSION = 5.0;
				TARGETED_DEVICE_FAMILY = "1,2";
				TEST_TARGET_NAME = SourceControl2;
			};
			name = Release;
		};
/* End XCBuildConfiguration section */

/* Begin XCConfigurationList section */
		F6D08A0622B5591600F1606F /* Build configuration list for PBXProject "SourceControl2" */ = {
			isa = XCConfigurationList;
			buildConfigurations = (
				F6D08A3422B5591700F1606F /* Debug */,
				F6D08A3522B5591700F1606F /* Release */,
			);
			defaultConfigurationIsVisible = 0;
			defaultConfigurationName = Release;
		};
		F6D08A3622B5591700F1606F /* Build configuration list for PBXNativeTarget "SourceControl2" */ = {
			isa = XCConfigurationList;
			buildConfigurations = (
				F6D08A3722B5591700F1606F /* Debug */,
				F6D08A3822B5591700F1606F /* Release */,
			);
			defaultConfigurationIsVisible = 0;
			defaultConfigurationName = Release;
		};
		F6D08A3922B5591700F1606F /* Build configuration list for PBXNativeTarget "SourceControl2Tests" */ = {
			isa = XCConfigurationList;
			buildConfigurations = (
				F6D08A3A22B5591700F1606F /* Debug */,
				F6D08A3B22B5591700F1606F /* Release */,
			);
			defaultConfigurationIsVisible = 0;
			defaultConfigurationName = Release;
		};
		F6D08A3C22B5591700F1606F /* Build configuration list for PBXNativeTarget "SourceControl2UITests" */ = {
			isa = XCConfigurationList;
			buildConfigurations = (
				F6D08A3D22B5591700F1606F /* Debug */,
				F6D08A3E22B5591700F1606F /* Release */,
			);
			defaultConfigurationIsVisible = 0;
			defaultConfigurationName = Release;
		};
/* End XCConfigurationList section */

/* Begin XCVersionGroup section */
		F6D08A1522B5591600F1606F /* SourceControl2.xcdatamodeld */ = {
			isa = XCVersionGroup;
			children = (
				F6D08A1622B5591600F1606F /* SourceControl2.xcdatamodel */,
			);
			currentVersion = F6D08A1622B5591600F1606F /* SourceControl2.xcdatamodel */;
			path = SourceControl2.xcdatamodeld;
			sourceTree = "<group>";
			versionGroupType = wrapper.xcdatamodel;
		};
/* End XCVersionGroup section */
	};
	rootObject = F6D08A0322B5591600F1606F /* Project object */;
}
